{
  "name": "@demo-ui-toolkit/mui-themes",
  "version": "0.0.8",
  "lockfileVersion": 1,
  "requires": true,
  "dependencies": {
    "@demo-ui-toolkit/design-tokens": {
      "version": "0.0.12",
      "resolved": "https://registry.npmjs.org/@demo-ui-toolkit/design-tokens/-/design-tokens-0.0.12.tgz",
      "integrity": "sha512-0qTZCx4Jg1NGafSOskWMOFnbLt7D487lyU3SvTUOtBTpwIwX1Yj/VwkfsoboEznuwxH0PkImr6R4EtRvgkOvXQ=="
    }
  }
}
