{
  "name": "@demo-ui-toolkit/mui-themes",
  "version": "0.0.1",
  "lockfileVersion": 1,
  "requires": true,
  "dependencies": {
    "@demo-ui-toolkit/design-tokens": {
      "version": "0.0.7",
      "resolved": "https://registry.npmjs.org/@demo-ui-toolkit/design-tokens/-/design-tokens-0.0.7.tgz",
      "integrity": "sha512-hmyRYr+SjHKFffbbrh8/sm/H08F1VgB4cVGiIncJAKWB89x0HZ4rFUYnhRf7Xc4Hr9owz+Iv0U5UwFCWDQLN3w=="
    }
  }
}
